
Microsoft Visual Studio Solution File, Format Version 12.00
# Visual Studio 15
VisualStudioVersion = 15.0.28307.489
MinimumVisualStudioVersion = 10.0.40219.1
Project("{FAE04EC0-301F-11D3-BF4B-00C04F79EFBC}") = "HaberSitesiBitirmeProjesi.Entity", "HaberSitesiBitirmeProjesi.Entity\HaberSitesiBitirmeProjesi.Entity.csproj", "{2A598C81-1074-4673-B7B0-924984D66E21}"
EndProject
Project("{FAE04EC0-301F-11D3-BF4B-00C04F79EFBC}") = "HaberSitesiBitirmeProjesi.DataAccess", "HaberSitesiBitirmeProjesi.DataAccess\HaberSitesiBitirmeProjesi.DataAccess.csproj", "{0C21800C-FCB4-47EA-84DD-19A840F38941}"
EndProject
Project("{FAE04EC0-301F-11D3-BF4B-00C04F79EFBC}") = "HaberSitesiBitirmeProjesi.Bussiness", "HaberSitesiBitirmeProjesi.Bussiness\HaberSitesiBitirmeProjesi.Bussiness.csproj", "{91E3FFA3-91C1-4E97-A641-D52783FC8A50}"
EndProject
Project("{FAE04EC0-301F-11D3-BF4B-00C04F79EFBC}") = "HaberSitesiBitirmeProjesi.UI", "HaberSitesiBitirmeProjesi.UI\HaberSitesiBitirmeProjesi.UI.csproj", "{AC68F3A7-7288-4FC3-BDB2-36BFCB85D749}"
EndProject
Global
	GlobalSection(SolutionConfigurationPlatforms) = preSolution
		Debug|Any CPU = Debug|Any CPU
		Release|Any CPU = Release|Any CPU
	EndGlobalSection
	GlobalSection(ProjectConfigurationPlatforms) = postSolution
		{2A598C81-1074-4673-B7B0-924984D66E21}.Debug|Any CPU.ActiveCfg = Debug|Any CPU
		{2A598C81-1074-4673-B7B0-924984D66E21}.Debug|Any CPU.Build.0 = Debug|Any CPU
		{2A598C81-1074-4673-B7B0-924984D66E21}.Release|Any CPU.ActiveCfg = Release|Any CPU
		{2A598C81-1074-4673-B7B0-924984D66E21}.Release|Any CPU.Build.0 = Release|Any CPU
		{0C21800C-FCB4-47EA-84DD-19A840F38941}.Debug|Any CPU.ActiveCfg = Debug|Any CPU
		{0C21800C-FCB4-47EA-84DD-19A840F38941}.Debug|Any CPU.Build.0 = Debug|Any CPU
		{0C21800C-FCB4-47EA-84DD-19A840F38941}.Release|Any CPU.ActiveCfg = Release|Any CPU
		{0C21800C-FCB4-47EA-84DD-19A840F38941}.Release|Any CPU.Build.0 = Release|Any CPU
		{91E3FFA3-91C1-4E97-A641-D52783FC8A50}.Debug|Any CPU.ActiveCfg = Debug|Any CPU
		{91E3FFA3-91C1-4E97-A641-D52783FC8A50}.Debug|Any CPU.Build.0 = Debug|Any CPU
		{91E3FFA3-91C1-4E97-A641-D52783FC8A50}.Release|Any CPU.ActiveCfg = Release|Any CPU
		{91E3FFA3-91C1-4E97-A641-D52783FC8A50}.Release|Any CPU.Build.0 = Release|Any CPU
		{AC68F3A7-7288-4FC3-BDB2-36BFCB85D749}.Debug|Any CPU.ActiveCfg = Debug|Any CPU
		{AC68F3A7-7288-4FC3-BDB2-36BFCB85D749}.Debug|Any CPU.Build.0 = Debug|Any CPU
		{AC68F3A7-7288-4FC3-BDB2-36BFCB85D749}.Release|Any CPU.ActiveCfg = Release|Any CPU
		{AC68F3A7-7288-4FC3-BDB2-36BFCB85D749}.Release|Any CPU.Build.0 = Release|Any CPU
	EndGlobalSection
	GlobalSection(SolutionProperties) = preSolution
		HideSolutionNode = FALSE
	EndGlobalSection
	GlobalSection(ExtensibilityGlobals) = postSolution
		SolutionGuid = {FD990D08-3C10-4FE6-895B-FDD8DCBC6A70}
	EndGlobalSection
EndGlobal
